# This file is automatically @generated by Cargo.
# It is not intended for manual editing.
version = 3

[[package]]
name = "array-init"
version = "0.1.1"
source = "registry+https://github.com/rust-lang/crates.io-index"
checksum = "f30bbe2f5e3d117f55bd8c7a1f9191e4a5deba9f15f595bbea4f670c59c765db"

[[package]]
name = "arrayvec"
version = "0.5.1"
source = "registry+https://github.com/rust-lang/crates.io-index"
checksum = "cff77d8686867eceff3105329d4698d96c2391c176d5d03adc90c7389162b5b8"

[[package]]
name = "autocfg"
version = "1.0.0"
source = "registry+https://github.com/rust-lang/crates.io-index"
checksum = "f8aac770f1885fd7e387acedd76065302551364496e46b3dd00860b2f8359b9d"

[[package]]
name = "bitflags"
version = "1.2.1"
source = "registry+https://github.com/rust-lang/crates.io-index"
checksum = "cf1de2fe8c75bc145a2f577add951f8134889b4795d47466a54a5c846d691693"

[[package]]
name = "bumpalo"
version = "3.2.1"
source = "registry+https://github.com/rust-lang/crates.io-index"
checksum = "12ae9db68ad7fac5fe51304d20f016c911539251075a214f8e663babefa35187"

[[package]]
name = "cfg-if"
version = "0.1.10"
source = "registry+https://github.com/rust-lang/crates.io-index"
checksum = "4785bdd1c96b2a846b2bd7cc02e86b6b3dbf14e7e53446c4f54c92a361040822"

[[package]]
name = "console_error_panic_hook"
version = "0.1.6"
source = "registry+https://github.com/rust-lang/crates.io-index"
checksum = "b8d976903543e0c48546a91908f21588a680a8c8f984df9a5d69feccb2b2a211"
dependencies = [
 "cfg-if",
 "wasm-bindgen",
]

[[package]]
name = "cookie"
version = "0.12.0"
source = "registry+https://github.com/rust-lang/crates.io-index"
checksum = "888604f00b3db336d2af898ec3c1d5d0ddf5e6d462220f2ededc33a87ac4bbd5"
dependencies = [
 "time",
 "url",
]

[[package]]
name = "crossbeam-deque"
version = "0.7.4"
source = "registry+https://github.com/rust-lang/crates.io-index"
checksum = "c20ff29ded3204c5106278a81a38f4b482636ed4fa1e6cfbeef193291beb29ed"
dependencies = [
 "crossbeam-epoch",
 "crossbeam-utils",
 "maybe-uninit",
]

[[package]]
name = "crossbeam-epoch"
version = "0.8.2"
source = "registry+https://github.com/rust-lang/crates.io-index"
checksum = "058ed274caafc1f60c4997b5fc07bf7dc7cca454af7c6e81edffe5f33f70dace"
dependencies = [
 "autocfg",
 "cfg-if",
 "crossbeam-utils",
 "lazy_static",
 "maybe-uninit",
 "memoffset",
 "scopeguard",
]

[[package]]
name = "crossbeam-queue"
version = "0.2.1"
source = "registry+https://github.com/rust-lang/crates.io-index"
checksum = "c695eeca1e7173472a32221542ae469b3e9aac3a4fc81f7696bcad82029493db"
dependencies = [
 "cfg-if",
 "crossbeam-utils",
]

[[package]]
name = "crossbeam-utils"
version = "0.7.2"
source = "registry+https://github.com/rust-lang/crates.io-index"
checksum = "c3c7c73a2d1e9fc0886a08b93e98eb643461230d5f1925e4036204d5f2e261a8"
dependencies = [
 "autocfg",
 "cfg-if",
 "lazy_static",
]

[[package]]
name = "dbg"
version = "1.0.4"
source = "registry+https://github.com/rust-lang/crates.io-index"
checksum = "4677188513e0e9d7adced5997cf9a1e7a3c996c994f90093325c5332c1a8b221"
dependencies = [
 "version_check 0.1.5",
]

[[package]]
name = "either"
version = "1.5.3"
source = "registry+https://github.com/rust-lang/crates.io-index"
checksum = "bb1f6b1ce1c140482ea30ddd3335fc0024ac7ee112895426e0a629a6c20adfe3"

[[package]]
name = "enclose"
version = "1.1.8"
source = "registry+https://github.com/rust-lang/crates.io-index"
checksum = "1056f553da426e9c025a662efa48b52e62e0a3a7648aa2d15aeaaf7f0d329357"

[[package]]
name = "futures"
version = "0.3.4"
source = "registry+https://github.com/rust-lang/crates.io-index"
checksum = "5c329ae8753502fb44ae4fc2b622fa2a94652c41e795143765ba0927f92ab780"
dependencies = [
 "futures-channel",
 "futures-core",
 "futures-executor",
 "futures-io",
 "futures-sink",
 "futures-task",
 "futures-util",
]

[[package]]
name = "futures-channel"
version = "0.3.4"
source = "registry+https://github.com/rust-lang/crates.io-index"
checksum = "f0c77d04ce8edd9cb903932b608268b3fffec4163dc053b3b402bf47eac1f1a8"
dependencies = [
 "futures-core",
 "futures-sink",
]

[[package]]
name = "futures-core"
version = "0.3.4"
source = "registry+https://github.com/rust-lang/crates.io-index"
checksum = "f25592f769825e89b92358db00d26f965761e094951ac44d3663ef25b7ac464a"

[[package]]
name = "futures-executor"
version = "0.3.4"
source = "registry+https://github.com/rust-lang/crates.io-index"
checksum = "f674f3e1bcb15b37284a90cedf55afdba482ab061c407a9c0ebbd0f3109741ba"
dependencies = [
 "futures-core",
 "futures-task",
 "futures-util",
]

[[package]]
name = "futures-io"
version = "0.3.4"
source = "registry+https://github.com/rust-lang/crates.io-index"
checksum = "a638959aa96152c7a4cddf50fcb1e3fede0583b27157c26e67d6f99904090dc6"

[[package]]
name = "futures-macro"
version = "0.3.4"
source = "registry+https://github.com/rust-lang/crates.io-index"
checksum = "9a5081aa3de1f7542a794a397cde100ed903b0630152d0973479018fd85423a7"
dependencies = [
 "proc-macro-hack",
 "proc-macro2",
 "quote",
 "syn",
]

[[package]]
name = "futures-sink"
version = "0.3.4"
source = "registry+https://github.com/rust-lang/crates.io-index"
checksum = "3466821b4bc114d95b087b850a724c6f83115e929bc88f1fa98a3304a944c8a6"

[[package]]
name = "futures-task"
version = "0.3.4"
source = "registry+https://github.com/rust-lang/crates.io-index"
checksum = "7b0a34e53cf6cdcd0178aa573aed466b646eb3db769570841fda0c7ede375a27"

[[package]]
name = "futures-util"
version = "0.3.4"
source = "registry+https://github.com/rust-lang/crates.io-index"
checksum = "22766cf25d64306bedf0384da004d05c9974ab104fcc4528f1236181c18004c5"
dependencies = [
 "futures-channel",
 "futures-core",
 "futures-io",
 "futures-macro",
 "futures-sink",
 "futures-task",
 "memchr",
 "pin-utils",
 "proc-macro-hack",
 "proc-macro-nested",
 "slab",
]

[[package]]
name = "getopts"
version = "0.2.21"
source = "registry+https://github.com/rust-lang/crates.io-index"
checksum = "14dbbfd5c71d70241ecf9e6f13737f7b5ce823821063188d7e46c41d371eebd5"
dependencies = [
 "unicode-width",
]

[[package]]
name = "gloo-timers"
version = "0.2.1"
source = "registry+https://github.com/rust-lang/crates.io-index"
checksum = "47204a46aaff920a1ea58b11d03dec6f704287d27561724a4631e450654a891f"
dependencies = [
 "js-sys",
 "wasm-bindgen",
 "web-sys",
]

[[package]]
name = "hermit-abi"
version = "0.1.12"
source = "registry+https://github.com/rust-lang/crates.io-index"
checksum = "61565ff7aaace3525556587bd2dc31d4a07071957be715e63ce7b1eccf51a8f4"
dependencies = [
 "libc",
]

[[package]]
name = "idna"
version = "0.1.5"
source = "registry+https://github.com/rust-lang/crates.io-index"
checksum = "38f09e0f0b1fb55fdee1f17470ad800da77af5186a1a76c026b679358b7e844e"
dependencies = [
 "matches",
 "unicode-bidi",
 "unicode-normalization",
]

[[package]]
name = "indexmap"
version = "1.3.2"
source = "registry+https://github.com/rust-lang/crates.io-index"
checksum = "076f042c5b7b98f31d205f1249267e12a6518c1481e9dae9764af19b707d2292"
dependencies = [
 "autocfg",
]

[[package]]
name = "itoa"
version = "0.4.5"
source = "registry+https://github.com/rust-lang/crates.io-index"
checksum = "b8b7a7c0c47db5545ed3fef7468ee7bb5b74691498139e4b3f6a20685dc6dd8e"

[[package]]
name = "js-sys"
version = "0.3.39"
source = "registry+https://github.com/rust-lang/crates.io-index"
checksum = "fa5a448de267e7358beaf4a5d849518fe9a0c13fce7afd44b06e68550e5562a7"
dependencies = [
 "wasm-bindgen",
]

[[package]]
name = "lazy_static"
version = "1.4.0"
source = "registry+https://github.com/rust-lang/crates.io-index"
checksum = "e2abad23fbc42b3700f2f279844dc832adb2b2eb069b2df918f455c4e18cc646"

[[package]]
name = "libc"
version = "0.2.69"
source = "registry+https://github.com/rust-lang/crates.io-index"
checksum = "99e85c08494b21a9054e7fe1374a732aeadaff3980b6990b94bfd3a70f690005"

[[package]]
name = "log"
version = "0.4.8"
source = "registry+https://github.com/rust-lang/crates.io-index"
checksum = "14b6052be84e6b71ab17edffc2eeabf5c2c3ae1fdb464aae35ac50c67a44e1f7"
dependencies = [
 "cfg-if",
]

[[package]]
name = "matches"
version = "0.1.8"
source = "registry+https://github.com/rust-lang/crates.io-index"
checksum = "7ffc5c5338469d4d3ea17d269fa8ea3512ad247247c30bd2df69e68309ed0a08"

[[package]]
name = "maybe-uninit"
version = "2.0.0"
source = "registry+https://github.com/rust-lang/crates.io-index"
checksum = "60302e4db3a61da70c0cb7991976248362f30319e88850c487b9b95bbf059e00"

[[package]]
name = "memchr"
version = "2.3.3"
source = "registry+https://github.com/rust-lang/crates.io-index"
checksum = "3728d817d99e5ac407411fa471ff9800a778d88a24685968b36824eaf4bee400"

[[package]]
name = "memoffset"
version = "0.5.4"
source = "registry+https://github.com/rust-lang/crates.io-index"
checksum = "b4fc2c02a7e374099d4ee95a193111f72d2110197fe200272371758f6c3643d8"
dependencies = [
 "autocfg",
]

[[package]]
name = "memory_units"
version = "0.4.0"
source = "registry+https://github.com/rust-lang/crates.io-index"
checksum = "8452105ba047068f40ff7093dd1d9da90898e63dd61736462e9cdda6a90ad3c3"

[[package]]
name = "num"
version = "0.2.1"
source = "registry+https://github.com/rust-lang/crates.io-index"
checksum = "b8536030f9fea7127f841b45bb6243b27255787fb4eb83958aa1ef9d2fdc0c36"
dependencies = [
 "num-bigint",
 "num-complex",
 "num-integer",
 "num-iter",
 "num-rational",
 "num-traits",
]

[[package]]
name = "num-bigint"
version = "0.2.6"
source = "registry+https://github.com/rust-lang/crates.io-index"
checksum = "090c7f9998ee0ff65aa5b723e4009f7b217707f1fb5ea551329cc4d6231fb304"
dependencies = [
 "autocfg",
 "num-integer",
 "num-traits",
]

[[package]]
name = "num-complex"
version = "0.2.4"
source = "registry+https://github.com/rust-lang/crates.io-index"
checksum = "b6b19411a9719e753aff12e5187b74d60d3dc449ec3f4dc21e3989c3f554bc95"
dependencies = [
 "autocfg",
 "num-traits",
]

[[package]]
name = "num-integer"
version = "0.1.42"
source = "registry+https://github.com/rust-lang/crates.io-index"
checksum = "3f6ea62e9d81a77cd3ee9a2a5b9b609447857f3d358704331e4ef39eb247fcba"
dependencies = [
 "autocfg",
 "num-traits",
]

[[package]]
name = "num-iter"
version = "0.1.40"
source = "registry+https://github.com/rust-lang/crates.io-index"
checksum = "dfb0800a0291891dd9f4fe7bd9c19384f98f7fbe0cd0f39a2c6b88b9868bbc00"
dependencies = [
 "autocfg",
 "num-integer",
 "num-traits",
]

[[package]]
name = "num-rational"
version = "0.2.4"
source = "registry+https://github.com/rust-lang/crates.io-index"
checksum = "5c000134b5dbf44adc5cb772486d335293351644b801551abe8f75c84cfa4aef"
dependencies = [
 "autocfg",
 "num-bigint",
 "num-integer",
 "num-traits",
]

[[package]]
name = "num-traits"
version = "0.2.11"
source = "registry+https://github.com/rust-lang/crates.io-index"
checksum = "c62be47e61d1842b9170f0fdeec8eba98e60e90e5446449a0545e5152acd7096"
dependencies = [
 "autocfg",
]

[[package]]
name = "num_cpus"
version = "1.13.0"
source = "registry+https://github.com/rust-lang/crates.io-index"
checksum = "05499f3756671c15885fee9034446956fff3f243d6077b91e5767df161f766b3"
dependencies = [
 "hermit-abi",
 "libc",
]

[[package]]
name = "percent-encoding"
version = "1.0.1"
source = "registry+https://github.com/rust-lang/crates.io-index"
checksum = "31010dd2e1ac33d5b46a5b413495239882813e0369f8ed8a5e266f173602f831"

[[package]]
name = "pin-utils"
version = "0.1.0"
source = "registry+https://github.com/rust-lang/crates.io-index"
checksum = "8b870d8c151b6f2fb93e84a13146138f05d02ed11c7e7c54f8826aaaf7c9f184"

[[package]]
name = "proc-macro-hack"
version = "0.5.15"
source = "registry+https://github.com/rust-lang/crates.io-index"
checksum = "0d659fe7c6d27f25e9d80a1a094c223f5246f6a6596453e09d7229bf42750b63"

[[package]]
name = "proc-macro-nested"
version = "0.1.4"
source = "registry+https://github.com/rust-lang/crates.io-index"
checksum = "8e946095f9d3ed29ec38de908c22f95d9ac008e424c7bcae54c75a79c527c694"

[[package]]
name = "proc-macro2"
version = "1.0.12"
source = "registry+https://github.com/rust-lang/crates.io-index"
checksum = "8872cf6f48eee44265156c111456a700ab3483686b3f96df4cf5481c89157319"
dependencies = [
 "unicode-xid",
]

[[package]]
name = "pulldown-cmark"
version = "0.6.1"
source = "registry+https://github.com/rust-lang/crates.io-index"
checksum = "1c205cc82214f3594e2d50686730314f817c67ffa80fe800cf0db78c3c2b9d9e"
dependencies = [
 "bitflags",
 "getopts",
 "memchr",
 "unicase",
]

[[package]]
name = "quote"
version = "1.0.4"
source = "registry+https://github.com/rust-lang/crates.io-index"
checksum = "4c1f4b0efa5fc5e8ceb705136bfee52cfdb6a4e3509f770b478cd6ed434232a7"
dependencies = [
 "proc-macro2",
]

[[package]]
name = "rayon"
version = "1.3.0"
source = "registry+https://github.com/rust-lang/crates.io-index"
checksum = "db6ce3297f9c85e16621bb8cca38a06779ffc31bb8184e1be4bed2be4678a098"
dependencies = [
 "crossbeam-deque",
 "either",
 "rayon-core",
]

[[package]]
name = "rayon-core"
version = "1.7.0"
source = "registry+https://github.com/rust-lang/crates.io-index"
checksum = "08a89b46efaf957e52b18062fb2f4660f8b8a4dde1807ca002690868ef2c85a9"
dependencies = [
 "crossbeam-deque",
 "crossbeam-queue",
 "crossbeam-utils",
 "lazy_static",
 "num_cpus",
]

[[package]]
name = "ryu"
version = "1.0.4"
source = "registry+https://github.com/rust-lang/crates.io-index"
checksum = "ed3d612bc64430efeb3f7ee6ef26d590dce0c43249217bddc62112540c7941e1"

[[package]]
name = "scoped-tls"
version = "1.0.0"
source = "registry+https://github.com/rust-lang/crates.io-index"
checksum = "ea6a9290e3c9cf0f18145ef7ffa62d68ee0bf5fcd651017e586dc7fd5da448c2"

[[package]]
name = "scopeguard"
version = "1.1.0"
source = "registry+https://github.com/rust-lang/crates.io-index"
checksum = "d29ab0c6d3fc0ee92fe66e2d99f700eab17a8d57d1c1d3b748380fb20baa78cd"

[[package]]
name = "seed"
version = "0.6.0"
source = "registry+https://github.com/rust-lang/crates.io-index"
checksum = "cd5d8fd7f12f565f639caf4b6d74a3853d5d7234d0543ec3beae81311492623e"
dependencies = [
 "console_error_panic_hook",
 "cookie",
 "dbg",
 "enclose",
 "futures",
 "gloo-timers",
 "indexmap",
 "js-sys",
 "pulldown-cmark",
 "serde",
 "serde_json",
 "version_check 0.9.1",
 "wasm-bindgen",
 "wasm-bindgen-futures",
 "web-sys",
]

[[package]]
name = "serde"
version = "1.0.106"
source = "registry+https://github.com/rust-lang/crates.io-index"
checksum = "36df6ac6412072f67cf767ebbde4133a5b2e88e76dc6187fa7104cd16f783399"
dependencies = [
 "serde_derive",
]

[[package]]
name = "serde_derive"
version = "1.0.106"
source = "registry+https://github.com/rust-lang/crates.io-index"
checksum = "9e549e3abf4fb8621bd1609f11dfc9f5e50320802273b12f3811a67e6716ea6c"
dependencies = [
 "proc-macro2",
 "quote",
 "syn",
]

[[package]]
name = "serde_json"
version = "1.0.52"
source = "registry+https://github.com/rust-lang/crates.io-index"
checksum = "a7894c8ed05b7a3a279aeb79025fdec1d3158080b75b98a08faf2806bb799edd"
dependencies = [
 "itoa",
 "ryu",
 "serde",
]

[[package]]
name = "slab"
version = "0.4.2"
source = "registry+https://github.com/rust-lang/crates.io-index"
checksum = "c111b5bd5695e56cffe5129854aa230b39c93a305372fdbb2668ca2394eea9f8"

[[package]]
name = "smallvec"
version = "1.4.0"
source = "registry+https://github.com/rust-lang/crates.io-index"
checksum = "c7cb5678e1615754284ec264d9bb5b4c27d2018577fd90ac0ceb578591ed5ee4"

[[package]]
name = "syn"
version = "1.0.18"
source = "registry+https://github.com/rust-lang/crates.io-index"
checksum = "410a7488c0a728c7ceb4ad59b9567eb4053d02e8cc7f5c0e0eeeb39518369213"
dependencies = [
 "proc-macro2",
 "quote",
 "unicode-xid",
]

[[package]]
name = "thiserror"
version = "1.0.16"
source = "registry+https://github.com/rust-lang/crates.io-index"
checksum = "d12a1dae4add0f0d568eebc7bf142f145ba1aa2544cafb195c76f0f409091b60"
dependencies = [
 "thiserror-impl",
]

[[package]]
name = "thiserror-impl"
version = "1.0.16"
source = "registry+https://github.com/rust-lang/crates.io-index"
checksum = "3f34e0c1caaa462fd840ec6b768946ea1e7842620d94fe29d5b847138f521269"
dependencies = [
 "proc-macro2",
 "quote",
 "syn",
]

[[package]]
name = "time"
version = "0.1.43"
source = "registry+https://github.com/rust-lang/crates.io-index"
checksum = "ca8a50ef2360fbd1eeb0ecd46795a87a19024eb4b53c5dc916ca1fd95fe62438"
dependencies = [
 "libc",
 "winapi",
]

[[package]]
name = "unicase"
version = "2.6.0"
source = "registry+https://github.com/rust-lang/crates.io-index"
checksum = "50f37be617794602aabbeee0be4f259dc1778fabe05e2d67ee8f79326d5cb4f6"
dependencies = [
 "version_check 0.9.1",
]

[[package]]
name = "unicode-bidi"
version = "0.3.4"
source = "registry+https://github.com/rust-lang/crates.io-index"
checksum = "49f2bd0c6468a8230e1db229cff8029217cf623c767ea5d60bfbd42729ea54d5"
dependencies = [
 "matches",
]

[[package]]
name = "unicode-normalization"
version = "0.1.12"
source = "registry+https://github.com/rust-lang/crates.io-index"
checksum = "5479532badd04e128284890390c1e876ef7a993d0570b3597ae43dfa1d59afa4"
dependencies = [
 "smallvec",
]

[[package]]
name = "unicode-segmentation"
version = "1.6.0"
source = "registry+https://github.com/rust-lang/crates.io-index"
checksum = "e83e153d1053cbb5a118eeff7fd5be06ed99153f00dbcd8ae310c5fb2b22edc0"

[[package]]
name = "unicode-width"
version = "0.1.7"
source = "registry+https://github.com/rust-lang/crates.io-index"
checksum = "caaa9d531767d1ff2150b9332433f32a24622147e5ebb1f26409d5da67afd479"

[[package]]
name = "unicode-xid"
version = "0.2.0"
source = "registry+https://github.com/rust-lang/crates.io-index"
checksum = "826e7639553986605ec5979c7dd957c7895e93eabed50ab2ffa7f6128a75097c"

[[package]]
name = "url"
version = "1.7.2"
source = "registry+https://github.com/rust-lang/crates.io-index"
checksum = "dd4e7c0d531266369519a4aa4f399d748bd37043b00bde1e4ff1f60a120b355a"
dependencies = [
 "idna",
 "matches",
 "percent-encoding",
]

[[package]]
name = "uywi"
version = "0.1.0"
dependencies = [
 "array-init",
 "arrayvec",
 "log",
 "num",
 "rayon",
 "thiserror",
 "unicode-segmentation",
]

[[package]]
name = "uywi-web"
version = "0.1.0"
dependencies = [
 "js-sys",
 "log",
 "seed",
 "uywi",
 "wasm-bindgen",
 "wasm-bindgen-test",
 "wasm-logger",
 "web-sys",
 "wee_alloc",
]

[[package]]
name = "version_check"
version = "0.1.5"
source = "registry+https://github.com/rust-lang/crates.io-index"
checksum = "914b1a6776c4c929a602fafd8bc742e06365d4bcbe48c30f9cca5824f70dc9dd"

[[package]]
name = "version_check"
version = "0.9.1"
source = "registry+https://github.com/rust-lang/crates.io-index"
checksum = "078775d0255232fb988e6fccf26ddc9d1ac274299aaedcedce21c6f72cc533ce"

[[package]]
name = "wasm-bindgen"
version = "0.2.62"
source = "registry+https://github.com/rust-lang/crates.io-index"
checksum = "e3c7d40d09cdbf0f4895ae58cf57d92e1e57a9dd8ed2e8390514b54a47cc5551"
dependencies = [
 "cfg-if",
 "serde",
 "serde_json",
 "wasm-bindgen-macro",
]

[[package]]
name = "wasm-bindgen-backend"
version = "0.2.62"
source = "registry+https://github.com/rust-lang/crates.io-index"
checksum = "c3972e137ebf830900db522d6c8fd74d1900dcfc733462e9a12e942b00b4ac94"
dependencies = [
 "bumpalo",
 "lazy_static",
 "log",
 "proc-macro2",
 "quote",
 "syn",
 "wasm-bindgen-shared",
]

[[package]]
name = "wasm-bindgen-futures"
version = "0.4.12"
source = "registry+https://github.com/rust-lang/crates.io-index"
checksum = "8a369c5e1dfb7569e14d62af4da642a3cbc2f9a3652fe586e26ac22222aa4b04"
dependencies = [
 "cfg-if",
 "js-sys",
 "wasm-bindgen",
 "web-sys",
]

[[package]]
name = "wasm-bindgen-macro"
version = "0.2.62"
source = "registry+https://github.com/rust-lang/crates.io-index"
checksum = "2cd85aa2c579e8892442954685f0d801f9129de24fa2136b2c6a539c76b65776"
dependencies = [
 "quote",
 "wasm-bindgen-macro-support",
]

[[package]]
name = "wasm-bindgen-macro-support"
version = "0.2.62"
source = "registry+https://github.com/rust-lang/crates.io-index"
checksum = "8eb197bd3a47553334907ffd2f16507b4f4f01bbec3ac921a7719e0decdfe72a"
dependencies = [
 "proc-macro2",
 "quote",
 "syn",
 "wasm-bindgen-backend",
 "wasm-bindgen-shared",
]

[[package]]
name = "wasm-bindgen-shared"
version = "0.2.62"
source = "registry+https://github.com/rust-lang/crates.io-index"
checksum = "a91c2916119c17a8e316507afaaa2dd94b47646048014bbdf6bef098c1bb58ad"

[[package]]
name = "wasm-bindgen-test"
version = "0.3.12"
source = "registry+https://github.com/rust-lang/crates.io-index"
checksum = "fd8e9dad8040e378f0696b017570c6bc929aac373180e06b3d67ac5059c52da3"
dependencies = [
 "console_error_panic_hook",
 "js-sys",
 "scoped-tls",
 "wasm-bindgen",
 "wasm-bindgen-futures",
 "wasm-bindgen-test-macro",
]

[[package]]
name = "wasm-bindgen-test-macro"
version = "0.3.12"
source = "registry+https://github.com/rust-lang/crates.io-index"
checksum = "c358c8d2507c1bae25efa069e62ea907aa28700b25c8c33dafb0b15ba4603627"
dependencies = [
 "proc-macro2",
 "quote",
]

[[package]]
name = "wasm-logger"
version = "0.2.0"
source = "registry+https://github.com/rust-lang/crates.io-index"
checksum = "074649a66bb306c8f2068c9016395fa65d8e08d2affcbf95acf3c24c3ab19718"
dependencies = [
 "log",
 "wasm-bindgen",
 "web-sys",
]

[[package]]
name = "web-sys"
version = "0.3.39"
source = "registry+https://github.com/rust-lang/crates.io-index"
checksum = "8bc359e5dd3b46cb9687a051d50a2fdd228e4ba7cf6fcf861a5365c3d671a642"
dependencies = [
 "js-sys",
 "wasm-bindgen",
]

[[package]]
name = "wee_alloc"
version = "0.4.5"
source = "registry+https://github.com/rust-lang/crates.io-index"
checksum = "dbb3b5a6b2bb17cb6ad44a2e68a43e8d2722c997da10e928665c72ec6c0a0b8e"
dependencies = [
 "cfg-if",
 "libc",
 "memory_units",
 "winapi",
]

[[package]]
name = "winapi"
version = "0.3.8"
source = "registry+https://github.com/rust-lang/crates.io-index"
checksum = "8093091eeb260906a183e6ae1abdba2ef5ef2257a21801128899c3fc699229c6"
dependencies = [
 "winapi-i686-pc-windows-gnu",
 "winapi-x86_64-pc-windows-gnu",
]

[[package]]
name = "winapi-i686-pc-windows-gnu"
version = "0.4.0"
source = "registry+https://github.com/rust-lang/crates.io-index"
checksum = "ac3b87c63620426dd9b991e5ce0329eff545bccbbb34f3be09ff6fb6ab51b7b6"

[[package]]
name = "winapi-x86_64-pc-windows-gnu"
version = "0.4.0"
source = "registry+https://github.com/rust-lang/crates.io-index"
checksum = "712e227841d057c1ee1cd2fb22fa7e5a5461ae8e48fa2ca79ec42cfc1931183f"
